name: 'Lock threads'

on:
  schedule:
    - cron: '0 0 * * *'
  workflow_dispatch:

permissions:
  issues: write
  pull-requests: write
  discussions: write

concurrency:
  group: lock-threads

jobs:
  lock:
    runs-on: ubuntu-latest
    steps:
      - uses: dessant/lock-threads@v6
        with:
          github-token: ${{ github.token }}
          issue-inactive-days: '30'
          issue-lock-reason: 'auto-locked due to 30 days of inactivity'
          pr-inactive-days: '30'
          pr-lock-reason: 'auto-locked due to 30 days of inactivity'
          exclude-any-pr-labels: 'wip'
